
Microsoft Visual Studio Solution File, Format Version 12.00
# Visual Studio Version 16
VisualStudioVersion = 16.0.31205.134
MinimumVisualStudioVersion = 10.0.40219.1
Project("{FAE04EC0-301F-11D3-BF4B-00C04F79EFBC}") = "N2-POO2BIM", "N2-POO2BIM.csproj", "{99033C4C-BBA7-49E7-8ECA-1DCF4D55A9DB}"
EndProject
Global
	GlobalSection(SolutionConfigurationPlatforms) = preSolution
		Debug|Any CPU = Debug|Any CPU
		Release|Any CPU = Release|Any CPU
	EndGlobalSection
	GlobalSection(ProjectConfigurationPlatforms) = postSolution
		{99033C4C-BBA7-49E7-8ECA-1DCF4D55A9DB}.Debug|Any CPU.ActiveCfg = Debug|Any CPU
		{99033C4C-BBA7-49E7-8ECA-1DCF4D55A9DB}.Debug|Any CPU.Build.0 = Debug|Any CPU
		{99033C4C-BBA7-49E7-8ECA-1DCF4D55A9DB}.Release|Any CPU.ActiveCfg = Release|Any CPU
		{99033C4C-BBA7-49E7-8ECA-1DCF4D55A9DB}.Release|Any CPU.Build.0 = Release|Any CPU
	EndGlobalSection
	GlobalSection(SolutionProperties) = preSolution
		HideSolutionNode = FALSE
	EndGlobalSection
	GlobalSection(ExtensibilityGlobals) = postSolution
		SolutionGuid = {1ECF74FC-F9CA-4D11-B789-C8E9468789D9}
	EndGlobalSection
EndGlobal
